{
  "name": "angular-git",
  "version": "1.0.0",
  "lockfileVersion": 1,
  "requires": true,
  "dependencies": {
    "mydatepicker": {
      "version": "2.6.1",
      "resolved": "https://registry.npmjs.org/mydatepicker/-/mydatepicker-2.6.1.tgz",
      "integrity": "sha1-yVBLuXjusJG9gzR2ae7me7vpoMQ="
    }
  }
}
